// !$*UTF8*$!
{
	archiveVersion = 1;
	classes = {
	};
	objectVersion = 56;
	objects = {

/* Begin PBXBuildFile section */
		E970188A2A64DDCF009289EF /* DevoteApp.swift in Sources */ = {isa = PBXBuildFile; fileRef = E97018892A64DDCF009289EF /* DevoteApp.swift */; };
		E970188C2A64DDCF009289EF /* ContentView.swift in Sources */ = {isa = PBXBuildFile; fileRef = E970188B2A64DDCF009289EF /* ContentView.swift */; };
		E970188E2A64DDD1009289EF /* Assets.xcassets in Resources */ = {isa = PBXBuildFile; fileRef = E970188D2A64DDD1009289EF /* Assets.xcassets */; };
		E97018912A64DDD1009289EF /* Preview Assets.xcassets in Resources */ = {isa = PBXBuildFile; fileRef = E97018902A64DDD1009289EF /* Preview Assets.xcassets */; };
		E97018932A64DDD1009289EF /* Persistence.swift in Sources */ = {isa = PBXBuildFile; fileRef = E97018922A64DDD1009289EF /* Persistence.swift */; };
		E97018962A64DDD1009289EF /* Devote.xcdatamodeld in Sources */ = {isa = PBXBuildFile; fileRef = E97018942A64DDD1009289EF /* Devote.xcdatamodeld */; };
		E970189F2A64DE8C009289EF /* sound-tap.mp3 in Resources */ = {isa = PBXBuildFile; fileRef = E970189C2A64DE8C009289EF /* sound-tap.mp3 */; };
		E97018A02A64DE8C009289EF /* sound-rise.mp3 in Resources */ = {isa = PBXBuildFile; fileRef = E970189D2A64DE8C009289EF /* sound-rise.mp3 */; };
		E97018A12A64DE8C009289EF /* sound-ding.mp3 in Resources */ = {isa = PBXBuildFile; fileRef = E970189E2A64DE8C009289EF /* sound-ding.mp3 */; };
		E97018AF2A64EA34009289EF /* Constants.swift in Sources */ = {isa = PBXBuildFile; fileRef = E97018AE2A64EA34009289EF /* Constants.swift */; };
		E97018B12A6543BB009289EF /* HideKeyboardExtension.swift in Sources */ = {isa = PBXBuildFile; fileRef = E97018B02A6543BB009289EF /* HideKeyboardExtension.swift */; };
		E97018B32A65524F009289EF /* BackgroundImageView.swift in Sources */ = {isa = PBXBuildFile; fileRef = E97018B22A65524F009289EF /* BackgroundImageView.swift */; };
		E97018B52A655329009289EF /* NewTaskItemView.swift in Sources */ = {isa = PBXBuildFile; fileRef = E97018B42A655329009289EF /* NewTaskItemView.swift */; };
		E97018B72A6562C4009289EF /* BlankView.swift in Sources */ = {isa = PBXBuildFile; fileRef = E97018B62A6562C4009289EF /* BlankView.swift */; };
		E97018B92A656B20009289EF /* ListRowItemView.swift in Sources */ = {isa = PBXBuildFile; fileRef = E97018B82A656B20009289EF /* ListRowItemView.swift */; };
		E97018BB2A656D3C009289EF /* CheckboxStyle.swift in Sources */ = {isa = PBXBuildFile; fileRef = E97018BA2A656D3C009289EF /* CheckboxStyle.swift */; };
		E97018BD2A658742009289EF /* SoundPlayer.swift in Sources */ = {isa = PBXBuildFile; fileRef = E97018BC2A658742009289EF /* SoundPlayer.swift */; };
/* End PBXBuildFile section */

/* Begin PBXFileReference section */
		E97018862A64DDCF009289EF /* Devote.app */ = {isa = PBXFileReference; explicitFileType = wrapper.application; includeInIndex = 0; path = Devote.app; sourceTree = BUILT_PRODUCTS_DIR; };
		E97018892A64DDCF009289EF /* DevoteApp.swift */ = {isa = PBXFileReference; lastKnownFileType = sourcecode.swift; path = DevoteApp.swift; sourceTree = "<group>"; };
		E970188B2A64DDCF009289EF /* ContentView.swift */ = {isa = PBXFileReference; lastKnownFileType = sourcecode.swift; path = ContentView.swift; sourceTree = "<group>"; };
		E970188D2A64DDD1009289EF /* Assets.xcassets */ = {isa = PBXFileReference; lastKnownFileType = folder.assetcatalog; path = Assets.xcassets; sourceTree = "<group>"; };
		E97018902A64DDD1009289EF /* Preview Assets.xcassets */ = {isa = PBXFileReference; lastKnownFileType = folder.assetcatalog; path = "Preview Assets.xcassets"; sourceTree = "<group>"; };
		E97018922A64DDD1009289EF /* Persistence.swift */ = {isa = PBXFileReference; lastKnownFileType = sourcecode.swift; path = Persistence.swift; sourceTree = "<group>"; };
		E97018952A64DDD1009289EF /* Devote.xcdatamodel */ = {isa = PBXFileReference; lastKnownFileType = wrapper.xcdatamodel; path = Devote.xcdatamodel; sourceTree = "<group>"; };
		E970189C2A64DE8C009289EF /* sound-tap.mp3 */ = {isa = PBXFileReference; lastKnownFileType = audio.mp3; path = "sound-tap.mp3"; sourceTree = "<group>"; };
		E970189D2A64DE8C009289EF /* sound-rise.mp3 */ = {isa = PBXFileReference; lastKnownFileType = audio.mp3; path = "sound-rise.mp3"; sourceTree = "<group>"; };
		E970189E2A64DE8C009289EF /* sound-ding.mp3 */ = {isa = PBXFileReference; lastKnownFileType = audio.mp3; path = "sound-ding.mp3"; sourceTree = "<group>"; };
		E97018A92A64DF8A009289EF /* Info.plist */ = {isa = PBXFileReference; lastKnownFileType = text.plist; path = Info.plist; sourceTree = "<group>"; };
		E97018AE2A64EA34009289EF /* Constants.swift */ = {isa = PBXFileReference; lastKnownFileType = sourcecode.swift; path = Constants.swift; sourceTree = "<group>"; };
		E97018B02A6543BB009289EF /* HideKeyboardExtension.swift */ = {isa = PBXFileReference; lastKnownFileType = sourcecode.swift; path = HideKeyboardExtension.swift; sourceTree = "<group>"; };
		E97018B22A65524F009289EF /* BackgroundImageView.swift */ = {isa = PBXFileReference; lastKnownFileType = sourcecode.swift; path = BackgroundImageView.swift; sourceTree = "<group>"; };
		E97018B42A655329009289EF /* NewTaskItemView.swift */ = {isa = PBXFileReference; lastKnownFileType = sourcecode.swift; path = NewTaskItemView.swift; sourceTree = "<group>"; };
		E97018B62A6562C4009289EF /* BlankView.swift */ = {isa = PBXFileReference; lastKnownFileType = sourcecode.swift; path = BlankView.swift; sourceTree = "<group>"; };
		E97018B82A656B20009289EF /* ListRowItemView.swift */ = {isa = PBXFileReference; lastKnownFileType = sourcecode.swift; path = ListRowItemView.swift; sourceTree = "<group>"; };
		E97018BA2A656D3C009289EF /* CheckboxStyle.swift */ = {isa = PBXFileReference; lastKnownFileType = sourcecode.swift; path = CheckboxStyle.swift; sourceTree = "<group>"; };
		E97018BC2A658742009289EF /* SoundPlayer.swift */ = {isa = PBXFileReference; lastKnownFileType = sourcecode.swift; path = SoundPlayer.swift; sourceTree = "<group>"; };
/* End PBXFileReference section */

/* Begin PBXFrameworksBuildPhase section */
		E97018832A64DDCF009289EF /* Frameworks */ = {
			isa = PBXFrameworksBuildPhase;
			buildActionMask = 2147483647;
			files = (
			);
			runOnlyForDeploymentPostprocessing = 0;
		};
/* End PBXFrameworksBuildPhase section */

/* Begin PBXGroup section */
		E970187D2A64DDCF009289EF = {
			isa = PBXGroup;
			children = (
				E97018882A64DDCF009289EF /* Devote */,
				E97018872A64DDCF009289EF /* Products */,
			);
			sourceTree = "<group>";
		};
		E97018872A64DDCF009289EF /* Products */ = {
			isa = PBXGroup;
			children = (
				E97018862A64DDCF009289EF /* Devote.app */,
			);
			name = Products;
			sourceTree = "<group>";
		};
		E97018882A64DDCF009289EF /* Devote */ = {
			isa = PBXGroup;
			children = (
				E97018A92A64DF8A009289EF /* Info.plist */,
				E97018A82A64DF1E009289EF /* Model */,
				E97018A32A64DEBD009289EF /* View */,
				E97018A22A64DEB1009289EF /* Sound */,
				E97018A72A64DF04009289EF /* Style */,
				E97018A52A64DEF3009289EF /* Utility */,
				E97018A42A64DEE9009289EF /* Extension */,
				E97018892A64DDCF009289EF /* DevoteApp.swift */,
				E970188D2A64DDD1009289EF /* Assets.xcassets */,
				E970188F2A64DDD1009289EF /* Preview Content */,
			);
			path = Devote;
			sourceTree = "<group>";
		};
		E970188F2A64DDD1009289EF /* Preview Content */ = {
			isa = PBXGroup;
			children = (
				E97018902A64DDD1009289EF /* Preview Assets.xcassets */,
			);
			path = "Preview Content";
			sourceTree = "<group>";
		};
		E97018A22A64DEB1009289EF /* Sound */ = {
			isa = PBXGroup;
			children = (
				E970189E2A64DE8C009289EF /* sound-ding.mp3 */,
				E970189D2A64DE8C009289EF /* sound-rise.mp3 */,
				E970189C2A64DE8C009289EF /* sound-tap.mp3 */,
			);
			path = Sound;
			sourceTree = "<group>";
		};
		E97018A32A64DEBD009289EF /* View */ = {
			isa = PBXGroup;
			children = (
				E970188B2A64DDCF009289EF /* ContentView.swift */,
				E97018B42A655329009289EF /* NewTaskItemView.swift */,
				E97018B22A65524F009289EF /* BackgroundImageView.swift */,
				E97018B62A6562C4009289EF /* BlankView.swift */,
				E97018B82A656B20009289EF /* ListRowItemView.swift */,
			);
			path = View;
			sourceTree = "<group>";
		};
		E97018A42A64DEE9009289EF /* Extension */ = {
			isa = PBXGroup;
			children = (
				E97018B02A6543BB009289EF /* HideKeyboardExtension.swift */,
			);
			path = Extension;
			sourceTree = "<group>";
		};
		E97018A52A64DEF3009289EF /* Utility */ = {
			isa = PBXGroup;
			children = (
				E97018AE2A64EA34009289EF /* Constants.swift */,
				E97018BC2A658742009289EF /* SoundPlayer.swift */,
			);
			path = Utility;
			sourceTree = "<group>";
		};
		E97018A72A64DF04009289EF /* Style */ = {
			isa = PBXGroup;
			children = (
				E97018BA2A656D3C009289EF /* CheckboxStyle.swift */,
			);
			path = Style;
			sourceTree = "<group>";
		};
		E97018A82A64DF1E009289EF /* Model */ = {
			isa = PBXGroup;
			children = (
				E97018922A64DDD1009289EF /* Persistence.swift */,
				E97018942A64DDD1009289EF /* Devote.xcdatamodeld */,
			);
			path = Model;
			sourceTree = "<group>";
		};
/* End PBXGroup section */

/* Begin PBXNativeTarget section */
		E97018852A64DDCF009289EF /* Devote */ = {
			isa = PBXNativeTarget;
			buildConfigurationList = E97018992A64DDD1009289EF /* Build configuration list for PBXNativeTarget "Devote" */;
			buildPhases = (
				E97018822A64DDCF009289EF /* Sources */,
				E97018832A64DDCF009289EF /* Frameworks */,
				E97018842A64DDCF009289EF /* Resources */,
			);
			buildRules = (
			);
			dependencies = (
			);
			name = Devote;
			productName = Devote;
			productReference = E97018862A64DDCF009289EF /* Devote.app */;
			productType = "com.apple.product-type.application";
		};
/* End PBXNativeTarget section */

/* Begin PBXProject section */
		E970187E2A64DDCF009289EF /* Project object */ = {
			isa = PBXProject;
			attributes = {
				BuildIndependentTargetsInParallel = 1;
				LastSwiftUpdateCheck = 1430;
				LastUpgradeCheck = 1430;
				TargetAttributes = {
					E97018852A64DDCF009289EF = {
						CreatedOnToolsVersion = 14.3.1;
					};
				};
			};
			buildConfigurationList = E97018812A64DDCF009289EF /* Build configuration list for PBXProject "Devote" */;
			compatibilityVersion = "Xcode 14.0";
			developmentRegion = en;
			hasScannedForEncodings = 0;
			knownRegions = (
				en,
				Base,
			);
			mainGroup = E970187D2A64DDCF009289EF;
			productRefGroup = E97018872A64DDCF009289EF /* Products */;
			projectDirPath = "";
			projectRoot = "";
			targets = (
				E97018852A64DDCF009289EF /* Devote */,
			);
		};
/* End PBXProject section */

/* Begin PBXResourcesBuildPhase section */
		E97018842A64DDCF009289EF /* Resources */ = {
			isa = PBXResourcesBuildPhase;
			buildActionMask = 2147483647;
			files = (
				E97018A12A64DE8C009289EF /* sound-ding.mp3 in Resources */,
				E970189F2A64DE8C009289EF /* sound-tap.mp3 in Resources */,
				E97018A02A64DE8C009289EF /* sound-rise.mp3 in Resources */,
				E97018912A64DDD1009289EF /* Preview Assets.xcassets in Resources */,
				E970188E2A64DDD1009289EF /* Assets.xcassets in Resources */,
			);
			runOnlyForDeploymentPostprocessing = 0;
		};
/* End PBXResourcesBuildPhase section */

/* Begin PBXSourcesBuildPhase section */
		E97018822A64DDCF009289EF /* Sources */ = {
			isa = PBXSourcesBuildPhase;
			buildActionMask = 2147483647;
			files = (
				E97018AF2A64EA34009289EF /* Constants.swift in Sources */,
				E97018B32A65524F009289EF /* BackgroundImageView.swift in Sources */,
				E97018932A64DDD1009289EF /* Persistence.swift in Sources */,
				E97018B12A6543BB009289EF /* HideKeyboardExtension.swift in Sources */,
				E97018B72A6562C4009289EF /* BlankView.swift in Sources */,
				E970188C2A64DDCF009289EF /* ContentView.swift in Sources */,
				E97018B92A656B20009289EF /* ListRowItemView.swift in Sources */,
				E97018962A64DDD1009289EF /* Devote.xcdatamodeld in Sources */,
				E970188A2A64DDCF009289EF /* DevoteApp.swift in Sources */,
				E97018BB2A656D3C009289EF /* CheckboxStyle.swift in Sources */,
				E97018BD2A658742009289EF /* SoundPlayer.swift in Sources */,
				E97018B52A655329009289EF /* NewTaskItemView.swift in Sources */,
			);
			runOnlyForDeploymentPostprocessing = 0;
		};
/* End PBXSourcesBuildPhase section */

/* Begin XCBuildConfiguration section */
		E97018972A64DDD1009289EF /* Debug */ = {
			isa = XCBuildConfiguration;
			buildSettings = {
				ALWAYS_SEARCH_USER_PATHS = NO;
				CLANG_ANALYZER_NONNULL = YES;
				CLANG_ANALYZER_NUMBER_OBJECT_CONVERSION = YES_AGGRESSIVE;
				CLANG_CXX_LANGUAGE_STANDARD = "gnu++20";
				CLANG_ENABLE_MODULES = YES;
				CLANG_ENABLE_OBJC_ARC = YES;
				CLANG_ENABLE_OBJC_WEAK = YES;
				CLANG_WARN_BLOCK_CAPTURE_AUTORELEASING = YES;
				CLANG_WARN_BOOL_CONVERSION = YES;
				CLANG_WARN_COMMA = YES;
				CLANG_WARN_CONSTANT_CONVERSION = YES;
				CLANG_WARN_DEPRECATED_OBJC_IMPLEMENTATIONS = YES;
				CLANG_WARN_DIRECT_OBJC_ISA_USAGE = YES_ERROR;
				CLANG_WARN_DOCUMENTATION_COMMENTS = YES;
				CLANG_WARN_EMPTY_BODY = YES;
				CLANG_WARN_ENUM_CONVERSION = YES;
				CLANG_WARN_INFINITE_RECURSION = YES;
				CLANG_WARN_INT_CONVERSION = YES;
				CLANG_WARN_NON_LITERAL_NULL_CONVERSION = YES;
				CLANG_WARN_OBJC_IMPLICIT_RETAIN_SELF = YES;
				CLANG_WARN_OBJC_LITERAL_CONVERSION = YES;
				CLANG_WARN_OBJC_ROOT_CLASS = YES_ERROR;
				CLANG_WARN_QUOTED_INCLUDE_IN_FRAMEWORK_HEADER = YES;
				CLANG_WARN_RANGE_LOOP_ANALYSIS = YES;
				CLANG_WARN_STRICT_PROTOTYPES = YES;
				CLANG_WARN_SUSPICIOUS_MOVE = YES;
				CLANG_WARN_UNGUARDED_AVAILABILITY = YES_AGGRESSIVE;
				CLANG_WARN_UNREACHABLE_CODE = YES;
				CLANG_WARN__DUPLICATE_METHOD_MATCH = YES;
				COPY_PHASE_STRIP = NO;
				DEBUG_INFORMATION_FORMAT = dwarf;
				ENABLE_STRICT_OBJC_MSGSEND = YES;
				ENABLE_TESTABILITY = YES;
				GCC_C_LANGUAGE_STANDARD = gnu11;
				GCC_DYNAMIC_NO_PIC = NO;
				GCC_NO_COMMON_BLOCKS = YES;
				GCC_OPTIMIZATION_LEVEL = 0;
				GCC_PREPROCESSOR_DEFINITIONS = (
					"DEBUG=1",
					"$(inherited)",
				);
				GCC_WARN_64_TO_32_BIT_CONVERSION = YES;
				GCC_WARN_ABOUT_RETURN_TYPE = YES_ERROR;
				GCC_WARN_UNDECLARED_SELECTOR = YES;
				GCC_WARN_UNINITIALIZED_AUTOS = YES_AGGRESSIVE;
				GCC_WARN_UNUSED_FUNCTION = YES;
				GCC_WARN_UNUSED_VARIABLE = YES;
				IPHONEOS_DEPLOYMENT_TARGET = 16.4;
				MTL_ENABLE_DEBUG_INFO = INCLUDE_SOURCE;
				MTL_FAST_MATH = YES;
				ONLY_ACTIVE_ARCH = YES;
				SDKROOT = iphoneos;
				SWIFT_ACTIVE_COMPILATION_CONDITIONS = DEBUG;
				SWIFT_OPTIMIZATION_LEVEL = "-Onone";
			};
			name = Debug;
		};
		E97018982A64DDD1009289EF /* Release */ = {
			isa = XCBuildConfiguration;
			buildSettings = {
				ALWAYS_SEARCH_USER_PATHS = NO;
				CLANG_ANALYZER_NONNULL = YES;
				CLANG_ANALYZER_NUMBER_OBJECT_CONVERSION = YES_AGGRESSIVE;
				CLANG_CXX_LANGUAGE_STANDARD = "gnu++20";
				CLANG_ENABLE_MODULES = YES;
				CLANG_ENABLE_OBJC_ARC = YES;
				CLANG_ENABLE_OBJC_WEAK = YES;
				CLANG_WARN_BLOCK_CAPTURE_AUTORELEASING = YES;
				CLANG_WARN_BOOL_CONVERSION = YES;
				CLANG_WARN_COMMA = YES;
				CLANG_WARN_CONSTANT_CONVERSION = YES;
				CLANG_WARN_DEPRECATED_OBJC_IMPLEMENTATIONS = YES;
				CLANG_WARN_DIRECT_OBJC_ISA_USAGE = YES_ERROR;
				CLANG_WARN_DOCUMENTATION_COMMENTS = YES;
				CLANG_WARN_EMPTY_BODY = YES;
				CLANG_WARN_ENUM_CONVERSION = YES;
				CLANG_WARN_INFINITE_RECURSION = YES;
				CLANG_WARN_INT_CONVERSION = YES;
				CLANG_WARN_NON_LITERAL_NULL_CONVERSION = YES;
				CLANG_WARN_OBJC_IMPLICIT_RETAIN_SELF = YES;
				CLANG_WARN_OBJC_LITERAL_CONVERSION = YES;
				CLANG_WARN_OBJC_ROOT_CLASS = YES_ERROR;
				CLANG_WARN_QUOTED_INCLUDE_IN_FRAMEWORK_HEADER = YES;
				CLANG_WARN_RANGE_LOOP_ANALYSIS = YES;
				CLANG_WARN_STRICT_PROTOTYPES = YES;
				CLANG_WARN_SUSPICIOUS_MOVE = YES;
				CLANG_WARN_UNGUARDED_AVAILABILITY = YES_AGGRESSIVE;
				CLANG_WARN_UNREACHABLE_CODE = YES;
				CLANG_WARN__DUPLICATE_METHOD_MATCH = YES;
				COPY_PHASE_STRIP = NO;
				DEBUG_INFORMATION_FORMAT = "dwarf-with-dsym";
				ENABLE_NS_ASSERTIONS = NO;
				ENABLE_STRICT_OBJC_MSGSEND = YES;
				GCC_C_LANGUAGE_STANDARD = gnu11;
				GCC_NO_COMMON_BLOCKS = YES;
				GCC_WARN_64_TO_32_BIT_CONVERSION = YES;
				GCC_WARN_ABOUT_RETURN_TYPE = YES_ERROR;
				GCC_WARN_UNDECLARED_SELECTOR = YES;
				GCC_WARN_UNINITIALIZED_AUTOS = YES_AGGRESSIVE;
				GCC_WARN_UNUSED_FUNCTION = YES;
				GCC_WARN_UNUSED_VARIABLE = YES;
				IPHONEOS_DEPLOYMENT_TARGET = 16.4;
				MTL_ENABLE_DEBUG_INFO = NO;
				MTL_FAST_MATH = YES;
				SDKROOT = iphoneos;
				SWIFT_COMPILATION_MODE = wholemodule;
				SWIFT_OPTIMIZATION_LEVEL = "-O";
				VALIDATE_PRODUCT = YES;
			};
			name = Release;
		};
		E970189A2A64DDD1009289EF /* Debug */ = {
			isa = XCBuildConfiguration;
			buildSettings = {
				ASSETCATALOG_COMPILER_APPICON_NAME = AppIcon;
				ASSETCATALOG_COMPILER_GLOBAL_ACCENT_COLOR_NAME = AccentColor;
				CODE_SIGN_STYLE = Automatic;
				CURRENT_PROJECT_VERSION = 1;
				DEVELOPMENT_ASSET_PATHS = "\"Devote/Preview Content\"";
				DEVELOPMENT_TEAM = 3V7H9MP56S;
				ENABLE_PREVIEWS = YES;
				GENERATE_INFOPLIST_FILE = YES;
				INFOPLIST_FILE = Devote/Info.plist;
				INFOPLIST_KEY_UIApplicationSceneManifest_Generation = YES;
				INFOPLIST_KEY_UIApplicationSupportsIndirectInputEvents = YES;
				INFOPLIST_KEY_UISupportedInterfaceOrientations = UIInterfaceOrientationPortrait;
				INFOPLIST_KEY_UISupportedInterfaceOrientations_iPad = "UIInterfaceOrientationLandscapeLeft UIInterfaceOrientationLandscapeRight UIInterfaceOrientationPortrait UIInterfaceOrientationPortraitUpsideDown";
				LD_RUNPATH_SEARCH_PATHS = (
					"$(inherited)",
					"@executable_path/Frameworks",
				);
				MARKETING_VERSION = 1.0;
				PRODUCT_BUNDLE_IDENTIFIER = com.brave.Devote;
				PRODUCT_NAME = "$(TARGET_NAME)";
				SWIFT_EMIT_LOC_STRINGS = YES;
				SWIFT_VERSION = 5.0;
				TARGETED_DEVICE_FAMILY = "1,2";
			};
			name = Debug;
		};
		E970189B2A64DDD1009289EF /* Release */ = {
			isa = XCBuildConfiguration;
			buildSettings = {
				ASSETCATALOG_COMPILER_APPICON_NAME = AppIcon;
				ASSETCATALOG_COMPILER_GLOBAL_ACCENT_COLOR_NAME = AccentColor;
				CODE_SIGN_STYLE = Automatic;
				CURRENT_PROJECT_VERSION = 1;
				DEVELOPMENT_ASSET_PATHS = "\"Devote/Preview Content\"";
				DEVELOPMENT_TEAM = 3V7H9MP56S;
				ENABLE_PREVIEWS = YES;
				GENERATE_INFOPLIST_FILE = YES;
				INFOPLIST_FILE = Devote/Info.plist;
				INFOPLIST_KEY_UIApplicationSceneManifest_Generation = YES;
				INFOPLIST_KEY_UIApplicationSupportsIndirectInputEvents = YES;
				INFOPLIST_KEY_UISupportedInterfaceOrientations = UIInterfaceOrientationPortrait;
				INFOPLIST_KEY_UISupportedInterfaceOrientations_iPad = "UIInterfaceOrientationLandscapeLeft UIInterfaceOrientationLandscapeRight UIInterfaceOrientationPortrait UIInterfaceOrientationPortraitUpsideDown";
				LD_RUNPATH_SEARCH_PATHS = (
					"$(inherited)",
					"@executable_path/Frameworks",
				);
				MARKETING_VERSION = 1.0;
				PRODUCT_BUNDLE_IDENTIFIER = com.brave.Devote;
				PRODUCT_NAME = "$(TARGET_NAME)";
				SWIFT_EMIT_LOC_STRINGS = YES;
				SWIFT_VERSION = 5.0;
				TARGETED_DEVICE_FAMILY = "1,2";
			};
			name = Release;
		};
/* End XCBuildConfiguration section */

/* Begin XCConfigurationList section */
		E97018812A64DDCF009289EF /* Build configuration list for PBXProject "Devote" */ = {
			isa = XCConfigurationList;
			buildConfigurations = (
				E97018972A64DDD1009289EF /* Debug */,
				E97018982A64DDD1009289EF /* Release */,
			);
			defaultConfigurationIsVisible = 0;
			defaultConfigurationName = Release;
		};
		E97018992A64DDD1009289EF /* Build configuration list for PBXNativeTarget "Devote" */ = {
			isa = XCConfigurationList;
			buildConfigurations = (
				E970189A2A64DDD1009289EF /* Debug */,
				E970189B2A64DDD1009289EF /* Release */,
			);
			defaultConfigurationIsVisible = 0;
			defaultConfigurationName = Release;
		};
/* End XCConfigurationList section */

/* Begin XCVersionGroup section */
		E97018942A64DDD1009289EF /* Devote.xcdatamodeld */ = {
			isa = XCVersionGroup;
			children = (
				E97018952A64DDD1009289EF /* Devote.xcdatamodel */,
			);
			currentVersion = E97018952A64DDD1009289EF /* Devote.xcdatamodel */;
			path = Devote.xcdatamodeld;
			sourceTree = "<group>";
			versionGroupType = wrapper.xcdatamodel;
		};
/* End XCVersionGroup section */
	};
	rootObject = E970187E2A64DDCF009289EF /* Project object */;
}
